
Microsoft Visual Studio Solution File, Format Version 12.00
# Visual Studio 15
VisualStudioVersion = 15.0.28307.136
MinimumVisualStudioVersion = 10.0.40219.1
Project("{FAE04EC0-301F-11D3-BF4B-00C04F79EFBC}") = "Victim", "Victim\Victim.csproj", "{CE137557-3700-4FEB-8FD5-A3DE41B1D231}"
EndProject
Project("{FAE04EC0-301F-11D3-BF4B-00C04F79EFBC}") = "NUnitTestProject2", "NUnitTestProject2\NUnitTestProject2.csproj", "{A644E232-A65E-424A-AE8D-5B55858C96DF}"
EndProject
Global
	GlobalSection(SolutionConfigurationPlatforms) = preSolution
		Debug|Any CPU = Debug|Any CPU
		Release|Any CPU = Release|Any CPU
	EndGlobalSection
	GlobalSection(ProjectConfigurationPlatforms) = postSolution
		{CE137557-3700-4FEB-8FD5-A3DE41B1D231}.Debug|Any CPU.ActiveCfg = Debug|Any CPU
		{CE137557-3700-4FEB-8FD5-A3DE41B1D231}.Debug|Any CPU.Build.0 = Debug|Any CPU
		{CE137557-3700-4FEB-8FD5-A3DE41B1D231}.Release|Any CPU.ActiveCfg = Release|Any CPU
		{CE137557-3700-4FEB-8FD5-A3DE41B1D231}.Release|Any CPU.Build.0 = Release|Any CPU
		{A644E232-A65E-424A-AE8D-5B55858C96DF}.Debug|Any CPU.ActiveCfg = Debug|Any CPU
		{A644E232-A65E-424A-AE8D-5B55858C96DF}.Debug|Any CPU.Build.0 = Debug|Any CPU
		{A644E232-A65E-424A-AE8D-5B55858C96DF}.Release|Any CPU.ActiveCfg = Release|Any CPU
		{A644E232-A65E-424A-AE8D-5B55858C96DF}.Release|Any CPU.Build.0 = Release|Any CPU
	EndGlobalSection
	GlobalSection(SolutionProperties) = preSolution
		HideSolutionNode = FALSE
	EndGlobalSection
	GlobalSection(ExtensibilityGlobals) = postSolution
		SolutionGuid = {2BA0D504-5D8A-4474-BBD3-67692C6651A5}
	EndGlobalSection
EndGlobal
